{
  "name": "@laana-proto/def",
  "version": "0.6.0",
  "lockfileVersion": 3,
  "requires": true,
  "packages": {
    "": {
      "name": "@laana-proto/def",
      "version": "0.6.0",
      "license": "MIT",
      "dependencies": {
        "@bufbuild/protobuf": "^2.2.3"
      }
    },
    "node_modules/@bufbuild/protobuf": {
      "version": "2.2.3",
      "resolved": "https://registry.npmjs.org/@bufbuild/protobuf/-/protobuf-2.2.3.tgz",
      "integrity": "sha512-tFQoXHJdkEOSwj5tRIZSPNUuXK3RaR7T1nUrPgbYX1pUbvqqaaZAsfo+NXBPsz5rZMSKVFrgK1WL8Q/MSLvprg==",
      "license": "(Apache-2.0 AND BSD-3-Clause)"
    }
  }
}
